
Microsoft Visual Studio Solution File, Format Version 12.00
# Visual Studio 14
VisualStudioVersion = 14.0.25420.1
MinimumVisualStudioVersion = 10.0.40219.1
Project("{FAE04EC0-301F-11D3-BF4B-00C04F79EFBC}") = "DAL", "DAL\DAL.csproj", "{D6F0B751-2EA9-4840-8948-A25CD4E090AF}"
EndProject
Project("{FAE04EC0-301F-11D3-BF4B-00C04F79EFBC}") = "SAL", "SAL\SAL.csproj", "{995B7D28-AB28-46F6-BD2A-2F9866DC2F4F}"
EndProject
Project("{FAE04EC0-301F-11D3-BF4B-00C04F79EFBC}") = "BLL", "BLL\BLL.csproj", "{E3F68669-ACFC-4B40-ACEE-364F9000D9EB}"
EndProject
Project("{FAE04EC0-301F-11D3-BF4B-00C04F79EFBC}") = "AndroidApp", "AndroidApp\AndroidApp.csproj", "{7FDFB3B3-7DE4-4CB6-BDF6-7D74DAED97D2}"
EndProject
Project("{FAE04EC0-301F-11D3-BF4B-00C04F79EFBC}") = "iOSApp", "iOSApp\iOSApp.csproj", "{D92EC3C8-8AD4-4999-9DCE-A2FD0FD5DFAF}"
EndProject
Global
	GlobalSection(SolutionConfigurationPlatforms) = preSolution
		Ad-Hoc|Any CPU = Ad-Hoc|Any CPU
		Ad-Hoc|iPhone = Ad-Hoc|iPhone
		Ad-Hoc|iPhoneSimulator = Ad-Hoc|iPhoneSimulator
		AppStore|Any CPU = AppStore|Any CPU
		AppStore|iPhone = AppStore|iPhone
		AppStore|iPhoneSimulator = AppStore|iPhoneSimulator
		Debug|Any CPU = Debug|Any CPU
		Debug|iPhone = Debug|iPhone
		Debug|iPhoneSimulator = Debug|iPhoneSimulator
		Release|Any CPU = Release|Any CPU
		Release|iPhone = Release|iPhone
		Release|iPhoneSimulator = Release|iPhoneSimulator
	EndGlobalSection
	GlobalSection(ProjectConfigurationPlatforms) = postSolution
		{D6F0B751-2EA9-4840-8948-A25CD4E090AF}.Ad-Hoc|Any CPU.ActiveCfg = Release|Any CPU
		{D6F0B751-2EA9-4840-8948-A25CD4E090AF}.Ad-Hoc|Any CPU.Build.0 = Release|Any CPU
		{D6F0B751-2EA9-4840-8948-A25CD4E090AF}.Ad-Hoc|iPhone.ActiveCfg = Release|Any CPU
		{D6F0B751-2EA9-4840-8948-A25CD4E090AF}.Ad-Hoc|iPhone.Build.0 = Release|Any CPU
		{D6F0B751-2EA9-4840-8948-A25CD4E090AF}.Ad-Hoc|iPhoneSimulator.ActiveCfg = Release|Any CPU
		{D6F0B751-2EA9-4840-8948-A25CD4E090AF}.Ad-Hoc|iPhoneSimulator.Build.0 = Release|Any CPU
		{D6F0B751-2EA9-4840-8948-A25CD4E090AF}.AppStore|Any CPU.ActiveCfg = Release|Any CPU
		{D6F0B751-2EA9-4840-8948-A25CD4E090AF}.AppStore|Any CPU.Build.0 = Release|Any CPU
		{D6F0B751-2EA9-4840-8948-A25CD4E090AF}.AppStore|iPhone.ActiveCfg = Release|Any CPU
		{D6F0B751-2EA9-4840-8948-A25CD4E090AF}.AppStore|iPhone.Build.0 = Release|Any CPU
		{D6F0B751-2EA9-4840-8948-A25CD4E090AF}.AppStore|iPhoneSimulator.ActiveCfg = Release|Any CPU
		{D6F0B751-2EA9-4840-8948-A25CD4E090AF}.AppStore|iPhoneSimulator.Build.0 = Release|Any CPU
		{D6F0B751-2EA9-4840-8948-A25CD4E090AF}.Debug|Any CPU.ActiveCfg = Debug|Any CPU
		{D6F0B751-2EA9-4840-8948-A25CD4E090AF}.Debug|Any CPU.Build.0 = Debug|Any CPU
		{D6F0B751-2EA9-4840-8948-A25CD4E090AF}.Debug|iPhone.ActiveCfg = Debug|Any CPU
		{D6F0B751-2EA9-4840-8948-A25CD4E090AF}.Debug|iPhone.Build.0 = Debug|Any CPU
		{D6F0B751-2EA9-4840-8948-A25CD4E090AF}.Debug|iPhoneSimulator.ActiveCfg = Debug|Any CPU
		{D6F0B751-2EA9-4840-8948-A25CD4E090AF}.Debug|iPhoneSimulator.Build.0 = Debug|Any CPU
		{D6F0B751-2EA9-4840-8948-A25CD4E090AF}.Release|Any CPU.ActiveCfg = Release|Any CPU
		{D6F0B751-2EA9-4840-8948-A25CD4E090AF}.Release|Any CPU.Build.0 = Release|Any CPU
		{D6F0B751-2EA9-4840-8948-A25CD4E090AF}.Release|iPhone.ActiveCfg = Release|Any CPU
		{D6F0B751-2EA9-4840-8948-A25CD4E090AF}.Release|iPhone.Build.0 = Release|Any CPU
		{D6F0B751-2EA9-4840-8948-A25CD4E090AF}.Release|iPhoneSimulator.ActiveCfg = Release|Any CPU
		{D6F0B751-2EA9-4840-8948-A25CD4E090AF}.Release|iPhoneSimulator.Build.0 = Release|Any CPU
		{995B7D28-AB28-46F6-BD2A-2F9866DC2F4F}.Ad-Hoc|Any CPU.ActiveCfg = Release|Any CPU
		{995B7D28-AB28-46F6-BD2A-2F9866DC2F4F}.Ad-Hoc|Any CPU.Build.0 = Release|Any CPU
		{995B7D28-AB28-46F6-BD2A-2F9866DC2F4F}.Ad-Hoc|iPhone.ActiveCfg = Release|Any CPU
		{995B7D28-AB28-46F6-BD2A-2F9866DC2F4F}.Ad-Hoc|iPhone.Build.0 = Release|Any CPU
		{995B7D28-AB28-46F6-BD2A-2F9866DC2F4F}.Ad-Hoc|iPhoneSimulator.ActiveCfg = Release|Any CPU
		{995B7D28-AB28-46F6-BD2A-2F9866DC2F4F}.Ad-Hoc|iPhoneSimulator.Build.0 = Release|Any CPU
		{995B7D28-AB28-46F6-BD2A-2F9866DC2F4F}.AppStore|Any CPU.ActiveCfg = Release|Any CPU
		{995B7D28-AB28-46F6-BD2A-2F9866DC2F4F}.AppStore|Any CPU.Build.0 = Release|Any CPU
		{995B7D28-AB28-46F6-BD2A-2F9866DC2F4F}.AppStore|iPhone.ActiveCfg = Release|Any CPU
		{995B7D28-AB28-46F6-BD2A-2F9866DC2F4F}.AppStore|iPhone.Build.0 = Release|Any CPU
		{995B7D28-AB28-46F6-BD2A-2F9866DC2F4F}.AppStore|iPhoneSimulator.ActiveCfg = Release|Any CPU
		{995B7D28-AB28-46F6-BD2A-2F9866DC2F4F}.AppStore|iPhoneSimulator.Build.0 = Release|Any CPU
		{995B7D28-AB28-46F6-BD2A-2F9866DC2F4F}.Debug|Any CPU.ActiveCfg = Debug|Any CPU
		{995B7D28-AB28-46F6-BD2A-2F9866DC2F4F}.Debug|Any CPU.Build.0 = Debug|Any CPU
		{995B7D28-AB28-46F6-BD2A-2F9866DC2F4F}.Debug|iPhone.ActiveCfg = Debug|Any CPU
		{995B7D28-AB28-46F6-BD2A-2F9866DC2F4F}.Debug|iPhone.Build.0 = Debug|Any CPU
		{995B7D28-AB28-46F6-BD2A-2F9866DC2F4F}.Debug|iPhoneSimulator.ActiveCfg = Debug|Any CPU
		{995B7D28-AB28-46F6-BD2A-2F9866DC2F4F}.Debug|iPhoneSimulator.Build.0 = Debug|Any CPU
		{995B7D28-AB28-46F6-BD2A-2F9866DC2F4F}.Release|Any CPU.ActiveCfg = Release|Any CPU
		{995B7D28-AB28-46F6-BD2A-2F9866DC2F4F}.Release|Any CPU.Build.0 = Release|Any CPU
		{995B7D28-AB28-46F6-BD2A-2F9866DC2F4F}.Release|iPhone.ActiveCfg = Release|Any CPU
		{995B7D28-AB28-46F6-BD2A-2F9866DC2F4F}.Release|iPhone.Build.0 = Release|Any CPU
		{995B7D28-AB28-46F6-BD2A-2F9866DC2F4F}.Release|iPhoneSimulator.ActiveCfg = Release|Any CPU
		{995B7D28-AB28-46F6-BD2A-2F9866DC2F4F}.Release|iPhoneSimulator.Build.0 = Release|Any CPU
		{E3F68669-ACFC-4B40-ACEE-364F9000D9EB}.Ad-Hoc|Any CPU.ActiveCfg = Release|Any CPU
		{E3F68669-ACFC-4B40-ACEE-364F9000D9EB}.Ad-Hoc|Any CPU.Build.0 = Release|Any CPU
		{E3F68669-ACFC-4B40-ACEE-364F9000D9EB}.Ad-Hoc|iPhone.ActiveCfg = Release|Any CPU
		{E3F68669-ACFC-4B40-ACEE-364F9000D9EB}.Ad-Hoc|iPhone.Build.0 = Release|Any CPU
		{E3F68669-ACFC-4B40-ACEE-364F9000D9EB}.Ad-Hoc|iPhoneSimulator.ActiveCfg = Release|Any CPU
		{E3F68669-ACFC-4B40-ACEE-364F9000D9EB}.Ad-Hoc|iPhoneSimulator.Build.0 = Release|Any CPU
		{E3F68669-ACFC-4B40-ACEE-364F9000D9EB}.AppStore|Any CPU.ActiveCfg = Release|Any CPU
		{E3F68669-ACFC-4B40-ACEE-364F9000D9EB}.AppStore|Any CPU.Build.0 = Release|Any CPU
		{E3F68669-ACFC-4B40-ACEE-364F9000D9EB}.AppStore|iPhone.ActiveCfg = Release|Any CPU
		{E3F68669-ACFC-4B40-ACEE-364F9000D9EB}.AppStore|iPhone.Build.0 = Release|Any CPU
		{E3F68669-ACFC-4B40-ACEE-364F9000D9EB}.AppStore|iPhoneSimulator.ActiveCfg = Release|Any CPU
		{E3F68669-ACFC-4B40-ACEE-364F9000D9EB}.AppStore|iPhoneSimulator.Build.0 = Release|Any CPU
		{E3F68669-ACFC-4B40-ACEE-364F9000D9EB}.Debug|Any CPU.ActiveCfg = Debug|Any CPU
		{E3F68669-ACFC-4B40-ACEE-364F9000D9EB}.Debug|Any CPU.Build.0 = Debug|Any CPU
		{E3F68669-ACFC-4B40-ACEE-364F9000D9EB}.Debug|iPhone.ActiveCfg = Debug|Any CPU
		{E3F68669-ACFC-4B40-ACEE-364F9000D9EB}.Debug|iPhone.Build.0 = Debug|Any CPU
		{E3F68669-ACFC-4B40-ACEE-364F9000D9EB}.Debug|iPhoneSimulator.ActiveCfg = Debug|Any CPU
		{E3F68669-ACFC-4B40-ACEE-364F9000D9EB}.Debug|iPhoneSimulator.Build.0 = Debug|Any CPU
		{E3F68669-ACFC-4B40-ACEE-364F9000D9EB}.Release|Any CPU.ActiveCfg = Release|Any CPU
		{E3F68669-ACFC-4B40-ACEE-364F9000D9EB}.Release|Any CPU.Build.0 = Release|Any CPU
		{E3F68669-ACFC-4B40-ACEE-364F9000D9EB}.Release|iPhone.ActiveCfg = Release|Any CPU
		{E3F68669-ACFC-4B40-ACEE-364F9000D9EB}.Release|iPhone.Build.0 = Release|Any CPU
		{E3F68669-ACFC-4B40-ACEE-364F9000D9EB}.Release|iPhoneSimulator.ActiveCfg = Release|Any CPU
		{E3F68669-ACFC-4B40-ACEE-364F9000D9EB}.Release|iPhoneSimulator.Build.0 = Release|Any CPU
		{7FDFB3B3-7DE4-4CB6-BDF6-7D74DAED97D2}.Ad-Hoc|Any CPU.ActiveCfg = Release|Any CPU
		{7FDFB3B3-7DE4-4CB6-BDF6-7D74DAED97D2}.Ad-Hoc|Any CPU.Build.0 = Release|Any CPU
		{7FDFB3B3-7DE4-4CB6-BDF6-7D74DAED97D2}.Ad-Hoc|Any CPU.Deploy.0 = Release|Any CPU
		{7FDFB3B3-7DE4-4CB6-BDF6-7D74DAED97D2}.Ad-Hoc|iPhone.ActiveCfg = Release|Any CPU
		{7FDFB3B3-7DE4-4CB6-BDF6-7D74DAED97D2}.Ad-Hoc|iPhone.Build.0 = Release|Any CPU
		{7FDFB3B3-7DE4-4CB6-BDF6-7D74DAED97D2}.Ad-Hoc|iPhone.Deploy.0 = Release|Any CPU
		{7FDFB3B3-7DE4-4CB6-BDF6-7D74DAED97D2}.Ad-Hoc|iPhoneSimulator.ActiveCfg = Release|Any CPU
		{7FDFB3B3-7DE4-4CB6-BDF6-7D74DAED97D2}.Ad-Hoc|iPhoneSimulator.Build.0 = Release|Any CPU
		{7FDFB3B3-7DE4-4CB6-BDF6-7D74DAED97D2}.Ad-Hoc|iPhoneSimulator.Deploy.0 = Release|Any CPU
		{7FDFB3B3-7DE4-4CB6-BDF6-7D74DAED97D2}.AppStore|Any CPU.ActiveCfg = Release|Any CPU
		{7FDFB3B3-7DE4-4CB6-BDF6-7D74DAED97D2}.AppStore|Any CPU.Build.0 = Release|Any CPU
		{7FDFB3B3-7DE4-4CB6-BDF6-7D74DAED97D2}.AppStore|Any CPU.Deploy.0 = Release|Any CPU
		{7FDFB3B3-7DE4-4CB6-BDF6-7D74DAED97D2}.AppStore|iPhone.ActiveCfg = Release|Any CPU
		{7FDFB3B3-7DE4-4CB6-BDF6-7D74DAED97D2}.AppStore|iPhone.Build.0 = Release|Any CPU
		{7FDFB3B3-7DE4-4CB6-BDF6-7D74DAED97D2}.AppStore|iPhone.Deploy.0 = Release|Any CPU
		{7FDFB3B3-7DE4-4CB6-BDF6-7D74DAED97D2}.AppStore|iPhoneSimulator.ActiveCfg = Release|Any CPU
		{7FDFB3B3-7DE4-4CB6-BDF6-7D74DAED97D2}.AppStore|iPhoneSimulator.Build.0 = Release|Any CPU
		{7FDFB3B3-7DE4-4CB6-BDF6-7D74DAED97D2}.AppStore|iPhoneSimulator.Deploy.0 = Release|Any CPU
		{7FDFB3B3-7DE4-4CB6-BDF6-7D74DAED97D2}.Debug|Any CPU.ActiveCfg = Debug|Any CPU
		{7FDFB3B3-7DE4-4CB6-BDF6-7D74DAED97D2}.Debug|Any CPU.Build.0 = Debug|Any CPU
		{7FDFB3B3-7DE4-4CB6-BDF6-7D74DAED97D2}.Debug|Any CPU.Deploy.0 = Debug|Any CPU
		{7FDFB3B3-7DE4-4CB6-BDF6-7D74DAED97D2}.Debug|iPhone.ActiveCfg = Debug|Any CPU
		{7FDFB3B3-7DE4-4CB6-BDF6-7D74DAED97D2}.Debug|iPhone.Build.0 = Debug|Any CPU
		{7FDFB3B3-7DE4-4CB6-BDF6-7D74DAED97D2}.Debug|iPhone.Deploy.0 = Debug|Any CPU
		{7FDFB3B3-7DE4-4CB6-BDF6-7D74DAED97D2}.Debug|iPhoneSimulator.ActiveCfg = Debug|Any CPU
		{7FDFB3B3-7DE4-4CB6-BDF6-7D74DAED97D2}.Debug|iPhoneSimulator.Build.0 = Debug|Any CPU
		{7FDFB3B3-7DE4-4CB6-BDF6-7D74DAED97D2}.Debug|iPhoneSimulator.Deploy.0 = Debug|Any CPU
		{7FDFB3B3-7DE4-4CB6-BDF6-7D74DAED97D2}.Release|Any CPU.ActiveCfg = Release|Any CPU
		{7FDFB3B3-7DE4-4CB6-BDF6-7D74DAED97D2}.Release|Any CPU.Build.0 = Release|Any CPU
		{7FDFB3B3-7DE4-4CB6-BDF6-7D74DAED97D2}.Release|Any CPU.Deploy.0 = Release|Any CPU
		{7FDFB3B3-7DE4-4CB6-BDF6-7D74DAED97D2}.Release|iPhone.ActiveCfg = Release|Any CPU
		{7FDFB3B3-7DE4-4CB6-BDF6-7D74DAED97D2}.Release|iPhone.Build.0 = Release|Any CPU
		{7FDFB3B3-7DE4-4CB6-BDF6-7D74DAED97D2}.Release|iPhone.Deploy.0 = Release|Any CPU
		{7FDFB3B3-7DE4-4CB6-BDF6-7D74DAED97D2}.Release|iPhoneSimulator.ActiveCfg = Release|Any CPU
		{7FDFB3B3-7DE4-4CB6-BDF6-7D74DAED97D2}.Release|iPhoneSimulator.Build.0 = Release|Any CPU
		{7FDFB3B3-7DE4-4CB6-BDF6-7D74DAED97D2}.Release|iPhoneSimulator.Deploy.0 = Release|Any CPU
		{D92EC3C8-8AD4-4999-9DCE-A2FD0FD5DFAF}.Ad-Hoc|Any CPU.ActiveCfg = Ad-Hoc|iPhone
		{D92EC3C8-8AD4-4999-9DCE-A2FD0FD5DFAF}.Ad-Hoc|iPhone.ActiveCfg = Ad-Hoc|iPhone
		{D92EC3C8-8AD4-4999-9DCE-A2FD0FD5DFAF}.Ad-Hoc|iPhone.Build.0 = Ad-Hoc|iPhone
		{D92EC3C8-8AD4-4999-9DCE-A2FD0FD5DFAF}.Ad-Hoc|iPhoneSimulator.ActiveCfg = Ad-Hoc|iPhoneSimulator
		{D92EC3C8-8AD4-4999-9DCE-A2FD0FD5DFAF}.Ad-Hoc|iPhoneSimulator.Build.0 = Ad-Hoc|iPhoneSimulator
		{D92EC3C8-8AD4-4999-9DCE-A2FD0FD5DFAF}.AppStore|Any CPU.ActiveCfg = AppStore|iPhone
		{D92EC3C8-8AD4-4999-9DCE-A2FD0FD5DFAF}.AppStore|iPhone.ActiveCfg = AppStore|iPhone
		{D92EC3C8-8AD4-4999-9DCE-A2FD0FD5DFAF}.AppStore|iPhone.Build.0 = AppStore|iPhone
		{D92EC3C8-8AD4-4999-9DCE-A2FD0FD5DFAF}.AppStore|iPhoneSimulator.ActiveCfg = AppStore|iPhoneSimulator
		{D92EC3C8-8AD4-4999-9DCE-A2FD0FD5DFAF}.AppStore|iPhoneSimulator.Build.0 = AppStore|iPhoneSimulator
		{D92EC3C8-8AD4-4999-9DCE-A2FD0FD5DFAF}.Debug|Any CPU.ActiveCfg = Debug|iPhone
		{D92EC3C8-8AD4-4999-9DCE-A2FD0FD5DFAF}.Debug|iPhone.ActiveCfg = Debug|iPhone
		{D92EC3C8-8AD4-4999-9DCE-A2FD0FD5DFAF}.Debug|iPhone.Build.0 = Debug|iPhone
		{D92EC3C8-8AD4-4999-9DCE-A2FD0FD5DFAF}.Debug|iPhoneSimulator.ActiveCfg = Debug|iPhoneSimulator
		{D92EC3C8-8AD4-4999-9DCE-A2FD0FD5DFAF}.Debug|iPhoneSimulator.Build.0 = Debug|iPhoneSimulator
		{D92EC3C8-8AD4-4999-9DCE-A2FD0FD5DFAF}.Release|Any CPU.ActiveCfg = Release|iPhone
		{D92EC3C8-8AD4-4999-9DCE-A2FD0FD5DFAF}.Release|iPhone.ActiveCfg = Release|iPhone
		{D92EC3C8-8AD4-4999-9DCE-A2FD0FD5DFAF}.Release|iPhone.Build.0 = Release|iPhone
		{D92EC3C8-8AD4-4999-9DCE-A2FD0FD5DFAF}.Release|iPhoneSimulator.ActiveCfg = Release|iPhoneSimulator
		{D92EC3C8-8AD4-4999-9DCE-A2FD0FD5DFAF}.Release|iPhoneSimulator.Build.0 = Release|iPhoneSimulator
	EndGlobalSection
	GlobalSection(SolutionProperties) = preSolution
		HideSolutionNode = FALSE
	EndGlobalSection
EndGlobal
